{
  "name": "spotify.com",
  "version": "1.0.0",
  "lockfileVersion": 3,
  "requires": true,
  "packages": {
    "": {
      "name": "spotify.com",
      "version": "1.0.0",
      "license": "ISC",
      "dependencies": {
        "experss": "^0.0.1-security",
        "fi": "^1.0.16",
        "nodemo": "^1.0.0",
        "slug": "^10.0.0"
      }
    },
    "node_modules/experss": {
      "version": "0.0.1-security",
      "resolved": "https://registry.npmjs.org/experss/-/experss-0.0.1-security.tgz",
      "integrity": "sha512-L2HxG73D04Y/U/YOryT50t8SlN+ZAX0MPTX6QyduHSBnGDXTAxRb+6z7buDjAmV/zPPnCan62k5vL0dsGmhBLg=="
    },
    "node_modules/fi": {
      "version": "1.0.16",
      "resolved": "https://registry.npmjs.org/fi/-/fi-1.0.16.tgz",
      "integrity": "sha512-LHShJWRT8E8YRsdudel8Md9jMtt7YH3AWX6aPz6hhCWFQDKkT/h5Thrl2Xv6XKUDQ2s02YiilVwAdi+jUs/Xsg==",
      "license": "MIT"
    },
    "node_modules/nodemo": {
      "version": "1.0.0",
      "resolved": "https://registry.npmjs.org/nodemo/-/nodemo-1.0.0.tgz",
      "integrity": "sha512-INtNzVJ7JDuxYO6uGchMXRVDFKVKsGDeY16X/Izu77biLeE0+Nt1qW4zS8XRLU6en8DbSWZKxDcj2z9rNIclfw==",
      "license": "ISC"
    },
    "node_modules/slug": {
      "version": "10.0.0",
      "resolved": "https://registry.npmjs.org/slug/-/slug-10.0.0.tgz",
      "integrity": "sha512-M8s2PWOUeSCdD4S1NH5lCzXg2zFV1fozrtfr0FSKl65x+EF1rUowj+/vyFlnHgxPxWzT+DL0VXKfYc1DHJoymg==",
      "license": "MIT",
      "bin": {
        "slug": "cli.js"
      }
    }
  }
}
